{
  "version": 4,
  "terraform_version": "1.9.0",
  "serial": 41,
  "lineage": "7e93412c-2b69-d155-dcec-a9f9b8cb1ff7",
  "outputs": {
    "instance_private_ip": {
      "value": [
        "192.168.1.48",
        "192.168.1.54"
      ],
      "type": [
        "tuple",
        [
          "string",
          "string"
        ]
      ]
    },
    "instance_public_ip": {
      "value": [
        "3.25.152.110",
        "3.26.50.91"
      ],
      "type": [
        "tuple",
        [
          "string",
          "string"
        ]
      ]
    }
  },
  "resources": [
    {
      "mode": "managed",
      "type": "aws_instance",
      "name": "test_env_ec2",
      "provider": "provider[\"registry.terraform.io/hashicorp/aws\"]",
      "instances": [
        {
          "index_key": 0,
          "schema_version": 1,
          "attributes": {
            "ami": "ami-0cb3193ac3a1520ce",
            "arn": "arn:aws:ec2:ap-southeast-2:891376918224:instance/i-0eaa1dab3436d4d56",
            "associate_public_ip_address": true,
            "availability_zone": "ap-southeast-2a",
            "capacity_reservation_specification": [
              {
                "capacity_reservation_preference": "open",
                "capacity_reservation_target": []
              }
            ],
            "cpu_core_count": 1,
            "cpu_options": [
              {
                "amd_sev_snp": "",
                "core_count": 1,
                "threads_per_core": 1
              }
            ],
            "cpu_threads_per_core": 1,
            "credit_specification": [
              {
                "cpu_credits": "standard"
              }
            ],
            "disable_api_stop": false,
            "disable_api_termination": false,
            "ebs_block_device": [],
            "ebs_optimized": false,
            "enclave_options": [
              {
                "enabled": false
              }
            ],
            "ephemeral_block_device": [],
            "get_password_data": false,
            "hibernation": false,
            "host_id": "",
            "host_resource_group_arn": null,
            "iam_instance_profile": "",
            "id": "i-0eaa1dab3436d4d56",
            "instance_initiated_shutdown_behavior": "stop",
            "instance_lifecycle": "",
            "instance_market_options": [],
            "instance_state": "running",
            "instance_type": "t2.micro",
            "ipv6_address_count": 0,
            "ipv6_addresses": [],
            "key_name": "keypair",
            "launch_template": [],
            "maintenance_options": [
              {
                "auto_recovery": "default"
              }
            ],
            "metadata_options": [
              {
                "http_endpoint": "enabled",
                "http_protocol_ipv6": "disabled",
                "http_put_response_hop_limit": 2,
                "http_tokens": "required",
                "instance_metadata_tags": "disabled"
              }
            ],
            "monitoring": false,
            "network_interface": [],
            "outpost_arn": "",
            "password_data": "",
            "placement_group": "",
            "placement_partition_number": 0,
            "primary_network_interface_id": "eni-02f67eb5f315e49e0",
            "private_dns": "ip-192-168-1-48.ap-southeast-2.compute.internal",
            "private_dns_name_options": [
              {
                "enable_resource_name_dns_a_record": false,
                "enable_resource_name_dns_aaaa_record": false,
                "hostname_type": "ip-name"
              }
            ],
            "private_ip": "192.168.1.48",
            "public_dns": "ec2-3-25-152-110.ap-southeast-2.compute.amazonaws.com",
            "public_ip": "3.25.152.110",
            "root_block_device": [
              {
                "delete_on_termination": true,
                "device_name": "/dev/xvda",
                "encrypted": false,
                "iops": 3000,
                "kms_key_id": "",
                "tags": null,
                "throughput": 125,
                "volume_id": "vol-0ad554b80b2d07cce",
                "volume_size": 20,
                "volume_type": "gp3"
              }
            ],
            "secondary_private_ips": [],
            "security_groups": [
              "sg-030297b99f2116568",
              "sg-088f7b4628ecd7ec9"
            ],
            "source_dest_check": true,
            "spot_instance_request_id": "",
            "subnet_id": "subnet-0af224714079a4084",
            "tags": {
              "Name": "CM"
            },
            "tags_all": {
              "Name": "CM"
            },
            "tenancy": "default",
            "timeouts": null,
            "user_data": "f935185bc005c0a481cb7d56097430dcf66bcef7",
            "user_data_base64": null,
            "user_data_replace_on_change": false,
            "volume_tags": null,
            "vpc_security_group_ids": [
              "sg-030297b99f2116568",
              "sg-088f7b4628ecd7ec9"
            ]
          },
          "sensitive_attributes": [],
          "private": "eyJlMmJmYjczMC1lY2FhLTExZTYtOGY4OC0zNDM2M2JjN2M0YzAiOnsiY3JlYXRlIjo2MDAwMDAwMDAwMDAsImRlbGV0ZSI6MTIwMDAwMDAwMDAwMCwidXBkYXRlIjo2MDAwMDAwMDAwMDB9LCJzY2hlbWFfdmVyc2lvbiI6IjEifQ==",
          "dependencies": [
            "aws_security_group.security",
            "aws_security_group.splunkweb",
            "aws_subnet.subnet",
            "aws_vpc.test_env"
          ]
        },
        {
          "index_key": 1,
          "schema_version": 1,
          "attributes": {
            "ami": "ami-0cb3193ac3a1520ce",
            "arn": "arn:aws:ec2:ap-southeast-2:891376918224:instance/i-000af468463ab8d20",
            "associate_public_ip_address": true,
            "availability_zone": "ap-southeast-2a",
            "capacity_reservation_specification": [
              {
                "capacity_reservation_preference": "open",
                "capacity_reservation_target": []
              }
            ],
            "cpu_core_count": 1,
            "cpu_options": [
              {
                "amd_sev_snp": "",
                "core_count": 1,
                "threads_per_core": 1
              }
            ],
            "cpu_threads_per_core": 1,
            "credit_specification": [
              {
                "cpu_credits": "standard"
              }
            ],
            "disable_api_stop": false,
            "disable_api_termination": false,
            "ebs_block_device": [],
            "ebs_optimized": false,
            "enclave_options": [
              {
                "enabled": false
              }
            ],
            "ephemeral_block_device": [],
            "get_password_data": false,
            "hibernation": false,
            "host_id": "",
            "host_resource_group_arn": null,
            "iam_instance_profile": "",
            "id": "i-000af468463ab8d20",
            "instance_initiated_shutdown_behavior": "stop",
            "instance_lifecycle": "",
            "instance_market_options": [],
            "instance_state": "running",
            "instance_type": "t2.micro",
            "ipv6_address_count": 0,
            "ipv6_addresses": [],
            "key_name": "keypair",
            "launch_template": [],
            "maintenance_options": [
              {
                "auto_recovery": "default"
              }
            ],
            "metadata_options": [
              {
                "http_endpoint": "enabled",
                "http_protocol_ipv6": "disabled",
                "http_put_response_hop_limit": 2,
                "http_tokens": "required",
                "instance_metadata_tags": "disabled"
              }
            ],
            "monitoring": false,
            "network_interface": [],
            "outpost_arn": "",
            "password_data": "",
            "placement_group": "",
            "placement_partition_number": 0,
            "primary_network_interface_id": "eni-05740cafe4d1dfb1e",
            "private_dns": "ip-192-168-1-54.ap-southeast-2.compute.internal",
            "private_dns_name_options": [
              {
                "enable_resource_name_dns_a_record": false,
                "enable_resource_name_dns_aaaa_record": false,
                "hostname_type": "ip-name"
              }
            ],
            "private_ip": "192.168.1.54",
            "public_dns": "ec2-3-26-50-91.ap-southeast-2.compute.amazonaws.com",
            "public_ip": "3.26.50.91",
            "root_block_device": [
              {
                "delete_on_termination": true,
                "device_name": "/dev/xvda",
                "encrypted": false,
                "iops": 3000,
                "kms_key_id": "",
                "tags": null,
                "throughput": 125,
                "volume_id": "vol-01696d722f624f567",
                "volume_size": 20,
                "volume_type": "gp3"
              }
            ],
            "secondary_private_ips": [],
            "security_groups": [
              "sg-030297b99f2116568",
              "sg-088f7b4628ecd7ec9"
            ],
            "source_dest_check": true,
            "spot_instance_request_id": "",
            "subnet_id": "subnet-0af224714079a4084",
            "tags": {
              "Name": "Index01"
            },
            "tags_all": {
              "Name": "Index01"
            },
            "tenancy": "default",
            "timeouts": null,
            "user_data": "f935185bc005c0a481cb7d56097430dcf66bcef7",
            "user_data_base64": null,
            "user_data_replace_on_change": false,
            "volume_tags": null,
            "vpc_security_group_ids": [
              "sg-030297b99f2116568",
              "sg-088f7b4628ecd7ec9"
            ]
          },
          "sensitive_attributes": [],
          "private": "eyJlMmJmYjczMC1lY2FhLTExZTYtOGY4OC0zNDM2M2JjN2M0YzAiOnsiY3JlYXRlIjo2MDAwMDAwMDAwMDAsImRlbGV0ZSI6MTIwMDAwMDAwMDAwMCwidXBkYXRlIjo2MDAwMDAwMDAwMDB9LCJzY2hlbWFfdmVyc2lvbiI6IjEifQ==",
          "dependencies": [
            "aws_security_group.security",
            "aws_security_group.splunkweb",
            "aws_subnet.subnet",
            "aws_vpc.test_env"
          ]
        }
      ]
    },
    {
      "mode": "managed",
      "type": "aws_internet_gateway",
      "name": "test_env_gw",
      "provider": "provider[\"registry.terraform.io/hashicorp/aws\"]",
      "instances": [
        {
          "schema_version": 0,
          "attributes": {
            "arn": "arn:aws:ec2:ap-southeast-2:891376918224:internet-gateway/igw-07a3f387544cb5fe8",
            "id": "igw-07a3f387544cb5fe8",
            "owner_id": "891376918224",
            "tags": null,
            "tags_all": {},
            "timeouts": null,
            "vpc_id": "vpc-0f1bf108e6dceb2ef"
          },
          "sensitive_attributes": [],
          "private": "eyJlMmJmYjczMC1lY2FhLTExZTYtOGY4OC0zNDM2M2JjN2M0YzAiOnsiY3JlYXRlIjoxMjAwMDAwMDAwMDAwLCJkZWxldGUiOjEyMDAwMDAwMDAwMDAsInVwZGF0ZSI6MTIwMDAwMDAwMDAwMH19",
          "dependencies": [
            "aws_vpc.test_env"
          ]
        }
      ]
    },
    {
      "mode": "managed",
      "type": "aws_key_pair",
      "name": "tf_key",
      "provider": "provider[\"registry.terraform.io/hashicorp/aws\"]",
      "instances": [
        {
          "schema_version": 1,
          "attributes": {
            "arn": "arn:aws:ec2:ap-southeast-2:891376918224:key-pair/keypair",
            "fingerprint": "6c:4c:ad:ae:e0:03:18:49:49:df:4f:df:22:b8:88:89",
            "id": "keypair",
            "key_name": "keypair",
            "key_name_prefix": "",
            "key_pair_id": "key-0dac11fb29af80d47",
            "key_type": "rsa",
            "public_key": "ssh-rsa AAAAB3NzaC1yc2EAAAADAQABAAACAQDV4EDxIj5bE/p06I6yeaX9HDlJ/jYZyItUyg92ULSmox3EDahPEua9o3k+pD14jcWQXczbekB7OrsIsYoKYBPJh7G5Njm0VFfpZmmwQuwtFzVe7EFztNga5nYQixl1JRVnre9JAGQsK/9dJj8YBgl4dvHYgtQhhkwngGRaU23jFKY93Y6SxKfv6h8h8xbRt1OBqIrfDBZYaPpR8LqoWBBH0xaIrVAxAmLY6HznPtJ8HR7Cp+3Oq99d44WZ/ybtY8OUpRL0AxZSbj96cQNQYMgZEgbDqKihnuFBYR8vsN1pn9/OBX6vpRhYDqwIIVXvub6J+b4kDFdZFas3Exs0VOxGkbFiXvp6veslLjtItxRM387Uld3GUOlULYRCB0saQ9HEGmBrc1RGGLWgpeIUvZBk8iqPF6q5ASXuqcuioVV+NSUuyKqflT3wyVWfIGRYZ913gWLKJ2csRZmdG07vCIY1sFF+UniOJyAJdvgXW5otBdfe9MB2EANkGJSUgyLniVtbFqjpAC+ZkurnlSykELE3V5C/beJliz3ApSlsMSIYl5QcR0Qs0jnAt1PBK7oHNmvs1/yWJff4Al9ieQNXmB1LJSjzVYIVQAAUeJhcMo8PQiKSltX12hAX/16Hs7S1aPruW/hPnZUosu/uoXhdMyH9m6qecYKbg4p4e0NoOoJJCw==",
            "tags": null,
            "tags_all": {}
          },
          "sensitive_attributes": [],
          "private": "eyJzY2hlbWFfdmVyc2lvbiI6IjEifQ==",
          "dependencies": [
            "tls_private_key.rsa"
          ]
        }
      ]
    },
    {
      "mode": "managed",
      "type": "aws_route_table",
      "name": "route_table_test_env",
      "provider": "provider[\"registry.terraform.io/hashicorp/aws\"]",
      "instances": [
        {
          "schema_version": 0,
          "attributes": {
            "arn": "arn:aws:ec2:ap-southeast-2:891376918224:route-table/rtb-04e9e207f0db0ac3a",
            "id": "rtb-04e9e207f0db0ac3a",
            "owner_id": "891376918224",
            "propagating_vgws": [],
            "route": [
              {
                "carrier_gateway_id": "",
                "cidr_block": "0.0.0.0/0",
                "core_network_arn": "",
                "destination_prefix_list_id": "",
                "egress_only_gateway_id": "",
                "gateway_id": "igw-07a3f387544cb5fe8",
                "ipv6_cidr_block": "",
                "local_gateway_id": "",
                "nat_gateway_id": "",
                "network_interface_id": "",
                "transit_gateway_id": "",
                "vpc_endpoint_id": "",
                "vpc_peering_connection_id": ""
              }
            ],
            "tags": null,
            "tags_all": {},
            "timeouts": null,
            "vpc_id": "vpc-0f1bf108e6dceb2ef"
          },
          "sensitive_attributes": [],
          "private": "eyJlMmJmYjczMC1lY2FhLTExZTYtOGY4OC0zNDM2M2JjN2M0YzAiOnsiY3JlYXRlIjozMDAwMDAwMDAwMDAsImRlbGV0ZSI6MzAwMDAwMDAwMDAwLCJ1cGRhdGUiOjEyMDAwMDAwMDAwMH19",
          "dependencies": [
            "aws_internet_gateway.test_env_gw",
            "aws_vpc.test_env"
          ]
        }
      ]
    },
    {
      "mode": "managed",
      "type": "aws_route_table_association",
      "name": "subnet_association",
      "provider": "provider[\"registry.terraform.io/hashicorp/aws\"]",
      "instances": [
        {
          "schema_version": 0,
          "attributes": {
            "gateway_id": "",
            "id": "rtbassoc-025882a10f862d9af",
            "route_table_id": "rtb-04e9e207f0db0ac3a",
            "subnet_id": "subnet-0af224714079a4084",
            "timeouts": null
          },
          "sensitive_attributes": [],
          "private": "eyJlMmJmYjczMC1lY2FhLTExZTYtOGY4OC0zNDM2M2JjN2M0YzAiOnsiY3JlYXRlIjozMDAwMDAwMDAwMDAsImRlbGV0ZSI6MzAwMDAwMDAwMDAwLCJ1cGRhdGUiOjEyMDAwMDAwMDAwMH19",
          "dependencies": [
            "aws_internet_gateway.test_env_gw",
            "aws_route_table.route_table_test_env",
            "aws_subnet.subnet",
            "aws_vpc.test_env"
          ]
        }
      ]
    },
    {
      "mode": "managed",
      "type": "aws_security_group",
      "name": "security",
      "provider": "provider[\"registry.terraform.io/hashicorp/aws\"]",
      "instances": [
        {
          "schema_version": 1,
          "attributes": {
            "arn": "arn:aws:ec2:ap-southeast-2:891376918224:security-group/sg-088f7b4628ecd7ec9",
            "description": "Managed by Terraform",
            "egress": [
              {
                "cidr_blocks": [
                  "0.0.0.0/0"
                ],
                "description": "",
                "from_port": 0,
                "ipv6_cidr_blocks": [],
                "prefix_list_ids": [],
                "protocol": "-1",
                "security_groups": [],
                "self": false,
                "to_port": 0
              }
            ],
            "id": "sg-088f7b4628ecd7ec9",
            "ingress": [
              {
                "cidr_blocks": [
                  "0.0.0.0/0"
                ],
                "description": "",
                "from_port": 22,
                "ipv6_cidr_blocks": [],
                "prefix_list_ids": [],
                "protocol": "tcp",
                "security_groups": [],
                "self": false,
                "to_port": 22
              }
            ],
            "name": "allow-all",
            "name_prefix": "",
            "owner_id": "891376918224",
            "revoke_rules_on_delete": false,
            "tags": null,
            "tags_all": {},
            "timeouts": null,
            "vpc_id": "vpc-0f1bf108e6dceb2ef"
          },
          "sensitive_attributes": [],
          "private": "eyJlMmJmYjczMC1lY2FhLTExZTYtOGY4OC0zNDM2M2JjN2M0YzAiOnsiY3JlYXRlIjo2MDAwMDAwMDAwMDAsImRlbGV0ZSI6OTAwMDAwMDAwMDAwfSwic2NoZW1hX3ZlcnNpb24iOiIxIn0=",
          "dependencies": [
            "aws_vpc.test_env"
          ]
        }
      ]
    },
    {
      "mode": "managed",
      "type": "aws_security_group",
      "name": "splunkweb",
      "provider": "provider[\"registry.terraform.io/hashicorp/aws\"]",
      "instances": [
        {
          "schema_version": 1,
          "attributes": {
            "arn": "arn:aws:ec2:ap-southeast-2:891376918224:security-group/sg-030297b99f2116568",
            "description": "Managed by Terraform",
            "egress": [
              {
                "cidr_blocks": [
                  "0.0.0.0/0"
                ],
                "description": "",
                "from_port": 0,
                "ipv6_cidr_blocks": [],
                "prefix_list_ids": [],
                "protocol": "-1",
                "security_groups": [],
                "self": false,
                "to_port": 0
              }
            ],
            "id": "sg-030297b99f2116568",
            "ingress": [
              {
                "cidr_blocks": [
                  "0.0.0.0/0"
                ],
                "description": "",
                "from_port": 8000,
                "ipv6_cidr_blocks": [],
                "prefix_list_ids": [],
                "protocol": "tcp",
                "security_groups": [],
                "self": false,
                "to_port": 10000
              }
            ],
            "name": "splunkweb",
            "name_prefix": "",
            "owner_id": "891376918224",
            "revoke_rules_on_delete": false,
            "tags": null,
            "tags_all": {},
            "timeouts": null,
            "vpc_id": "vpc-0f1bf108e6dceb2ef"
          },
          "sensitive_attributes": [],
          "private": "eyJlMmJmYjczMC1lY2FhLTExZTYtOGY4OC0zNDM2M2JjN2M0YzAiOnsiY3JlYXRlIjo2MDAwMDAwMDAwMDAsImRlbGV0ZSI6OTAwMDAwMDAwMDAwfSwic2NoZW1hX3ZlcnNpb24iOiIxIn0=",
          "dependencies": [
            "aws_vpc.test_env"
          ]
        }
      ]
    },
    {
      "mode": "managed",
      "type": "aws_subnet",
      "name": "subnet",
      "provider": "provider[\"registry.terraform.io/hashicorp/aws\"]",
      "instances": [
        {
          "schema_version": 1,
          "attributes": {
            "arn": "arn:aws:ec2:ap-southeast-2:891376918224:subnet/subnet-0af224714079a4084",
            "assign_ipv6_address_on_creation": false,
            "availability_zone": "ap-southeast-2a",
            "availability_zone_id": "apse2-az3",
            "cidr_block": "192.168.1.32/27",
            "customer_owned_ipv4_pool": "",
            "enable_dns64": false,
            "enable_lni_at_device_index": 0,
            "enable_resource_name_dns_a_record_on_launch": false,
            "enable_resource_name_dns_aaaa_record_on_launch": false,
            "id": "subnet-0af224714079a4084",
            "ipv6_cidr_block": "",
            "ipv6_cidr_block_association_id": "",
            "ipv6_native": false,
            "map_customer_owned_ip_on_launch": false,
            "map_public_ip_on_launch": false,
            "outpost_arn": "",
            "owner_id": "891376918224",
            "private_dns_hostname_type_on_launch": "ip-name",
            "tags": null,
            "tags_all": {},
            "timeouts": null,
            "vpc_id": "vpc-0f1bf108e6dceb2ef"
          },
          "sensitive_attributes": [],
          "private": "eyJlMmJmYjczMC1lY2FhLTExZTYtOGY4OC0zNDM2M2JjN2M0YzAiOnsiY3JlYXRlIjo2MDAwMDAwMDAwMDAsImRlbGV0ZSI6MTIwMDAwMDAwMDAwMH0sInNjaGVtYV92ZXJzaW9uIjoiMSJ9",
          "dependencies": [
            "aws_vpc.test_env"
          ]
        }
      ]
    },
    {
      "mode": "managed",
      "type": "aws_vpc",
      "name": "test_env",
      "provider": "provider[\"registry.terraform.io/hashicorp/aws\"]",
      "instances": [
        {
          "schema_version": 1,
          "attributes": {
            "arn": "arn:aws:ec2:ap-southeast-2:891376918224:vpc/vpc-0f1bf108e6dceb2ef",
            "assign_generated_ipv6_cidr_block": false,
            "cidr_block": "192.168.1.0/24",
            "default_network_acl_id": "acl-045ad697ba1f2d0e2",
            "default_route_table_id": "rtb-026a8773831e8656d",
            "default_security_group_id": "sg-0f13a04b5332ee2a1",
            "dhcp_options_id": "dopt-085141843e07af070",
            "enable_dns_hostnames": true,
            "enable_dns_support": true,
            "enable_network_address_usage_metrics": false,
            "id": "vpc-0f1bf108e6dceb2ef",
            "instance_tenancy": "default",
            "ipv4_ipam_pool_id": null,
            "ipv4_netmask_length": null,
            "ipv6_association_id": "",
            "ipv6_cidr_block": "",
            "ipv6_cidr_block_network_border_group": "",
            "ipv6_ipam_pool_id": "",
            "ipv6_netmask_length": 0,
            "main_route_table_id": "rtb-026a8773831e8656d",
            "owner_id": "891376918224",
            "tags": {
              "Name": "test_env"
            },
            "tags_all": {
              "Name": "test_env"
            }
          },
          "sensitive_attributes": [],
          "private": "eyJzY2hlbWFfdmVyc2lvbiI6IjEifQ=="
        }
      ]
    },
    {
      "mode": "managed",
      "type": "local_file",
      "name": "tf_key",
      "provider": "provider[\"registry.terraform.io/hashicorp/local\"]",
      "instances": [
        {
          "schema_version": 0,
          "attributes": {
            "content": "-----BEGIN RSA PRIVATE KEY-----\nMIIJKAIBAAKCAgEA1eBA8SI+WxP6dOiOsnml/Rw5Sf42GciLVMoPdlC0pqMdxA2o\nTxLmvaN5PqQ9eI3FkF3M23pAezq7CLGKCmATyYexuTY5tFRX6WZpsELsLRc1XuxB\nc7TYGuZ2EIsZdSUVZ63vSQBkLCv/XSY/GAYJeHbx2ILUIYZMJ4BkWlNt4xSmPd2O\nksSn7+ofIfMW0bdTgaiK3wwWWGj6UfC6qFgQR9MWiK1QMQJi2Oh85z7SfB0ewqft\nzqvfXeOFmf8m7WPDlKUS9AMWUm4/enEDUGDIGRIGw6iooZ7hQWEfL7DdaZ/fzgV+\nr6UYWA6sCCFV77m+ifm+JAxXWRWrNxMbNFTsRpGxYl76er3rJS47SLcUTN/O1JXd\nxlDpVC2EQgdLGkPRxBpga3NURhi1oKXiFL2QZPIqjxequQEl7qnLoqFVfjUlLsiq\nn5U98MlVnyBkWGfdd4FiyidnLEWZnRtO7wiGNbBRflJ4jicgCXb4F1uaLQXX3vTA\ndhADZBiUlIMi54lbWxao6QAvmZLq55UspBCxN1eQv23iZYs9wKUpbDEiGJeUHEdE\nLNI5wLdTwSu6BzZr7Nf8liX3+AJfYnkDV5gdSyUo81WCFUAAFHiYXDKPD0IikpbV\n9doQF/9eh7O0tWj67lv4T52VKLLv7qF4XTMh/ZuqnnGCm4OKeHtDaDqCSQsCAwEA\nAQKCAgAr0/a6819/3oo2pumHHXKsebortZJ0miojR/z/K+65LzgMUxgojCEIv5U7\nBwEp0TOpL++pElZgalqln2xAUAv+AnajE7+jep1BUSFbY3tuihD/0L5g7bBTYuLS\n5Q5keSL3yib8+L2OZ72+4vWPAL20F/vbeIPsEs9MUP0/nVUpcbPXfa2X2gDoIzwa\nAuysMTtFmLpMlveFSo3xeLlnghRkA5fcjleek3SaKppd8PvFP1psXWlYLtRpMxTP\nx/+8KfOMZH+LzY4nejw75SjesdaPfKgyND/KTvquIS744O+ek4qTd4DMkbJ5aRhL\n2jj4FUI8mBck3/qOYOhjMuEiSjzYoTlcV/pIRPA0kBlfM4jB+NraSzQZWaAhzd3F\n5kRYlEQmItFsrAbHAohAOnGlOx2A7XORtmbF0gl1oKi6z/waWcZbmFKbgkAR9YyZ\nytJ7zomMLWuQeDqxfWthR6i64+/lAUcBUBvopjTd0GIPK5+3IccBlcAjkNQMScLR\nHHOKYU3NRAXwaO7gmpo1692BYph+nC/Qmi+0U9IqtUqH/Hrlau3UOROSLATPe95b\nOWY5DEm7QEKf+zqtO/1v7skMqZUDBWI9zQ76jfJwzG4L+2fF0nZobfNP209UYCwL\nVEJJSQjje77DmYMvkHNHuODQY6Ps/METJq1YyZIxTGeJapK6QQKCAQEA3Udq5+ob\n++FDyWK0hiwENQk9TBlqc358JeZJ6NRE/uvgt6BSkX/0cvse5QJsWis1R+wdRwgi\nPlDZq6Et4SNP80S6GvGl8zcbH5K0C3h27M4BBtTVtPGKNa/xn5y3FORoCqLlwvLe\nFVRvvbggrH8V66Z5B9ARgIH22x9qbA/EJUX2Kg/qslZaSDmlRdEPGYU0+9S47Hu1\n5apWASA89q7bbagsfDPylGLfhWzK8f+EF69XBYmwbLHJSpiLJP5rAp65wj6TKowA\nT7XmFolIXz6TGyJO/CU/wnkGnSLrzg6cCGEY1mE2xlNNxuCmiN2wuItWim7s2WSB\n5XTqBAgrhHVGcQKCAQEA92929omPdOfOtSK0WZ/IPG0pEl2uciW8lK61vrssLeVF\nRMspqsBSiZG8+/e4TzbANiXor1gNk6/q+nYG8PBL9Twd7zcNl+TTCjQU6hCyOeGf\n5pBIUq4s+4AEGctoZOHfAlw82iUbMdQQQ6QVrz3OcsoiKlyGPk9F3K3MqcMQFZVn\nBjtagir0dw2CFt6WwWG9kgOuyHUpzclteOT7GBV+s5mun2pxOT7tr8BSX/ohx+BQ\n20u9ZEi6WhgfQ2DtS9iHMykkhIlv2IURZHuRwhZStR8WzVyJvhdl4AhhXx4yecJZ\nfmFRLqjh+16JjSNI2mzbb6oGdkreDQsYFKC5wSRdOwKCAQEAyrgK8LxBNtiAyZZr\n3B+nGw+D4JvIMlbGVdJME8mkDAb8sD1oZ3PZ9xyoiRVXPqQnA+UETXbeKEjZoarf\n5Un8jNmBxf1sEw2BA8Pavkd2bCuuNRv3TPWbsOOncJqZ/8Hgrx3dcGQfoVrho+Vz\nyZQD+QdiCg5MenaWONjnHmizQZJ+mrpKQWdq/pARIY0NUEwA5lVTtRMA6Y7Li+yE\n7Vn0HNndJ0xQCDEspYetxVZZJXm1N5WU039s8bIeh52tW5EejR3WpTvtbRkv2aWb\nb+Zbzpf31HgrmXZW4M6FSRmJSQPrRTt6eucGchSNfQXcSLUea2SECAVUG2qomVkC\nxS7LgQKCAQBRZHMnifyMoiwW3YGh8bN2XRojlnlpxwwPhKD4Sq2vszlj9ciRCI6d\n/jjCUaxpMkNsDHBMLZTZvgZ3uRdzbjguRUY7iEqKapUZSCSREkjuTU/CEjgYKn9V\ng7jVm1mNxdcL+bdysr4NWAq5lWIksRoWHHO8p47pND5w5yLpvOavkuO+4wtUwjiE\naQcf6ryAhFxNibSW8CN+NAI0wG3wcDGrdqRAgE0aXZ7mL0dpluhBzYILgRCdymay\neDjgeyPTzTg8Fg6TInqOKMed3CAITjuKpN1lVEljJGM4nMka9t33u3yg2/ZOePNN\nMr3glXjDkQdl5fIWO25rr/iN4Ij6BbI9AoIBAENZFZ4+5RZBdw+kYzdPAxoqwiYl\nh/zQGIb+71lt2TB5wSUcSgXWyS85/9nWM/VOWeolu+NbSO7lrZfVj0fMgrdNvIw9\nvaqABlyCZgb7WsF5P0l0XApcwGLFImIb5oIxPPYgEkYI8bdtrqStK0DpD1wOUX7Q\nSDBsqooNWTEeHkuSsZcHN3y2vMzOc/UoIMGsfZ9OLQOTfwnrP99hhRzbBv1TnM4m\n4wNbByTBzVCIGK32KCrkkAC0OdGa8AxPiXfRAcMtC2uY9NfZBbBUfou3v2n3FaCu\nBl95mnc89lgfKTlyFRarxREU8N4N3mLL9ySRz9iuq/zV4DLCVBMiNaewFDc=\n-----END RSA PRIVATE KEY-----\n",
            "content_base64": null,
            "content_base64sha256": "xZHZ93rTuwY0/ivvOr8NSpPO/sOcG0d0t+LkA1OYid8=",
            "content_base64sha512": "2Tl0C4rPJ9lvj0XNhUqUqk+xsCTwsGyJ7uczsA1RPmZ1zzxwL86JuVW4daC0Tf1C0Ly/q/Fc2ayj8SX+uClLGw==",
            "content_md5": "9514fd257eeb3e01232b3ea4ad975ddb",
            "content_sha1": "e4843f41948ee6988ac1339dd17a75500cb8a021",
            "content_sha256": "c591d9f77ad3bb0634fe2bef3abf0d4a93cefec39c1b4774b7e2e403539889df",
            "content_sha512": "d939740b8acf27d96f8f45cd854a94aa4fb1b024f0b06c89eee733b00d513e6675cf3c702fce89b955b875a0b44dfd42d0bcbfabf15cd9aca3f125feb8294b1b",
            "directory_permission": "0777",
            "file_permission": "0777",
            "filename": "keypair",
            "id": "e4843f41948ee6988ac1339dd17a75500cb8a021",
            "sensitive_content": null,
            "source": null
          },
          "sensitive_attributes": [
            [
              {
                "type": "get_attr",
                "value": "sensitive_content"
              }
            ],
            [
              {
                "type": "get_attr",
                "value": "content"
              }
            ]
          ],
          "dependencies": [
            "tls_private_key.rsa"
          ]
        }
      ]
    },
    {
      "mode": "managed",
      "type": "tls_private_key",
      "name": "rsa",
      "provider": "provider[\"registry.terraform.io/hashicorp/tls\"]",
      "instances": [
        {
          "schema_version": 1,
          "attributes": {
            "algorithm": "RSA",
            "ecdsa_curve": "P224",
            "id": "a51b5fc3d92602b00237eb8293d22cab4c4d8468",
            "private_key_openssh": "-----BEGIN OPENSSH PRIVATE KEY-----\nb3BlbnNzaC1rZXktdjEAAAAABG5vbmUAAAAEbm9uZQAAAAAAAAABAAACFwAAAAdz\nc2gtcnNhAAAAAwEAAQAAAgEA1eBA8SI+WxP6dOiOsnml/Rw5Sf42GciLVMoPdlC0\npqMdxA2oTxLmvaN5PqQ9eI3FkF3M23pAezq7CLGKCmATyYexuTY5tFRX6WZpsELs\nLRc1XuxBc7TYGuZ2EIsZdSUVZ63vSQBkLCv/XSY/GAYJeHbx2ILUIYZMJ4BkWlNt\n4xSmPd2OksSn7+ofIfMW0bdTgaiK3wwWWGj6UfC6qFgQR9MWiK1QMQJi2Oh85z7S\nfB0ewqftzqvfXeOFmf8m7WPDlKUS9AMWUm4/enEDUGDIGRIGw6iooZ7hQWEfL7Dd\naZ/fzgV+r6UYWA6sCCFV77m+ifm+JAxXWRWrNxMbNFTsRpGxYl76er3rJS47SLcU\nTN/O1JXdxlDpVC2EQgdLGkPRxBpga3NURhi1oKXiFL2QZPIqjxequQEl7qnLoqFV\nfjUlLsiqn5U98MlVnyBkWGfdd4FiyidnLEWZnRtO7wiGNbBRflJ4jicgCXb4F1ua\nLQXX3vTAdhADZBiUlIMi54lbWxao6QAvmZLq55UspBCxN1eQv23iZYs9wKUpbDEi\nGJeUHEdELNI5wLdTwSu6BzZr7Nf8liX3+AJfYnkDV5gdSyUo81WCFUAAFHiYXDKP\nD0IikpbV9doQF/9eh7O0tWj67lv4T52VKLLv7qF4XTMh/ZuqnnGCm4OKeHtDaDqC\nSQsAAAc41Tr8q9U6/KsAAAAHc3NoLXJzYQAAAgEA1eBA8SI+WxP6dOiOsnml/Rw5\nSf42GciLVMoPdlC0pqMdxA2oTxLmvaN5PqQ9eI3FkF3M23pAezq7CLGKCmATyYex\nuTY5tFRX6WZpsELsLRc1XuxBc7TYGuZ2EIsZdSUVZ63vSQBkLCv/XSY/GAYJeHbx\n2ILUIYZMJ4BkWlNt4xSmPd2OksSn7+ofIfMW0bdTgaiK3wwWWGj6UfC6qFgQR9MW\niK1QMQJi2Oh85z7SfB0ewqftzqvfXeOFmf8m7WPDlKUS9AMWUm4/enEDUGDIGRIG\nw6iooZ7hQWEfL7DdaZ/fzgV+r6UYWA6sCCFV77m+ifm+JAxXWRWrNxMbNFTsRpGx\nYl76er3rJS47SLcUTN/O1JXdxlDpVC2EQgdLGkPRxBpga3NURhi1oKXiFL2QZPIq\njxequQEl7qnLoqFVfjUlLsiqn5U98MlVnyBkWGfdd4FiyidnLEWZnRtO7wiGNbBR\nflJ4jicgCXb4F1uaLQXX3vTAdhADZBiUlIMi54lbWxao6QAvmZLq55UspBCxN1eQ\nv23iZYs9wKUpbDEiGJeUHEdELNI5wLdTwSu6BzZr7Nf8liX3+AJfYnkDV5gdSyUo\n81WCFUAAFHiYXDKPD0IikpbV9doQF/9eh7O0tWj67lv4T52VKLLv7qF4XTMh/Zuq\nnnGCm4OKeHtDaDqCSQsAAAADAQABAAACACvT9rrzX3/eijam6Ycdcqx5uiu1knSa\nKiNH/P8r7rkvOAxTGCiMIQi/lTsHASnRM6kv76kSVmBqWqWfbEBQC/4CdqMTv6N6\nnUFRIVtje26KEP/QvmDtsFNi4tLlDmR5IvfKJvz4vY5nvb7i9Y8AvbQX+9t4g+wS\nz0xQ/T+dVSlxs9d9rZfaAOgjPBoC7KwxO0WYukyW94VKjfF4uWeCFGQDl9yOV56T\ndJoqml3w+8U/WmxdaVgu1GkzFM/H/7wp84xkf4vNjid6PDvlKN6x1o98qDI0P8pO\n+q4hLvjg756TipN3gMyRsnlpGEvaOPgVQjyYFyTf+o5g6GMy4SJKPNihOVxX+khE\n8DSQGV8ziMH42tpLNBlZoCHN3cXmRFiURCYi0WysBscCiEA6caU7HYDtc5G2ZsXS\nCXWgqLrP/BpZxluYUpuCQBH1jJnK0nvOiYwta5B4OrF9a2FHqLrj7+UBRwFQG+im\nNN3QYg8rn7chxwGVwCOQ1AxJwtEcc4phTc1EBfBo7uCamjXr3YFimH6cL9CaL7RT\n0iq1Sof8euVq7dQ5E5IsBM973ls5ZjkMSbtAQp/7Oq07/W/uyQyplQMFYj3NDvqN\n8nDMbgv7Z8XSdmht80/bT1RgLAtUQklJCON7vsOZgy+Qc0e44NBjo+z8wRMmrVjJ\nkjFMZ4lqkrpBAAABAENZFZ4+5RZBdw+kYzdPAxoqwiYlh/zQGIb+71lt2TB5wSUc\nSgXWyS85/9nWM/VOWeolu+NbSO7lrZfVj0fMgrdNvIw9vaqABlyCZgb7WsF5P0l0\nXApcwGLFImIb5oIxPPYgEkYI8bdtrqStK0DpD1wOUX7QSDBsqooNWTEeHkuSsZcH\nN3y2vMzOc/UoIMGsfZ9OLQOTfwnrP99hhRzbBv1TnM4m4wNbByTBzVCIGK32KCrk\nkAC0OdGa8AxPiXfRAcMtC2uY9NfZBbBUfou3v2n3FaCuBl95mnc89lgfKTlyFRar\nxREU8N4N3mLL9ySRz9iuq/zV4DLCVBMiNaewFDcAAAEBAN1HaufqG/vhQ8litIYs\nBDUJPUwZanN+fCXmSejURP7r4LegUpF/9HL7HuUCbForNUfsHUcIIj5Q2auhLeEj\nT/NEuhrxpfM3Gx+StAt4duzOAQbU1bTxijWv8Z+ctxTkaAqi5cLy3hVUb724IKx/\nFeumeQfQEYCB9tsfamwPxCVF9ioP6rJWWkg5pUXRDxmFNPvUuOx7teWqVgEgPPau\n222oLHwz8pRi34VsyvH/hBevVwWJsGyxyUqYiyT+awKeucI+kyqMAE+15haJSF8+\nkxsiTvwlP8J5Bp0i684OnAhhGNZhNsZTTcbgpojdsLiLVopu7NlkgeV06gQIK4R1\nRnEAAAEBAPdvdvaJj3TnzrUitFmfyDxtKRJdrnIlvJSutb67LC3lRUTLKarAUomR\nvPv3uE82wDYl6K9YDZOv6vp2BvDwS/U8He83DZfk0wo0FOoQsjnhn+aQSFKuLPuA\nBBnLaGTh3wJcPNolGzHUEEOkFa89znLKIipchj5PRdytzKnDEBWVZwY7WoIq9HcN\nghbelsFhvZIDrsh1Kc3JbXjk+xgVfrOZrp9qcTk+7a/AUl/6IcfgUNtLvWRIuloY\nH0Ng7UvYhzMpJISJb9iFEWR7kcIWUrUfFs1cib4XZeAIYV8eMnnCWX5hUS6o4fte\niY0jSNps22+qBnZK3g0LGBSgucEkXTsAAAAAAQID\n-----END OPENSSH PRIVATE KEY-----\n",
            "private_key_pem": "-----BEGIN RSA PRIVATE KEY-----\nMIIJKAIBAAKCAgEA1eBA8SI+WxP6dOiOsnml/Rw5Sf42GciLVMoPdlC0pqMdxA2o\nTxLmvaN5PqQ9eI3FkF3M23pAezq7CLGKCmATyYexuTY5tFRX6WZpsELsLRc1XuxB\nc7TYGuZ2EIsZdSUVZ63vSQBkLCv/XSY/GAYJeHbx2ILUIYZMJ4BkWlNt4xSmPd2O\nksSn7+ofIfMW0bdTgaiK3wwWWGj6UfC6qFgQR9MWiK1QMQJi2Oh85z7SfB0ewqft\nzqvfXeOFmf8m7WPDlKUS9AMWUm4/enEDUGDIGRIGw6iooZ7hQWEfL7DdaZ/fzgV+\nr6UYWA6sCCFV77m+ifm+JAxXWRWrNxMbNFTsRpGxYl76er3rJS47SLcUTN/O1JXd\nxlDpVC2EQgdLGkPRxBpga3NURhi1oKXiFL2QZPIqjxequQEl7qnLoqFVfjUlLsiq\nn5U98MlVnyBkWGfdd4FiyidnLEWZnRtO7wiGNbBRflJ4jicgCXb4F1uaLQXX3vTA\ndhADZBiUlIMi54lbWxao6QAvmZLq55UspBCxN1eQv23iZYs9wKUpbDEiGJeUHEdE\nLNI5wLdTwSu6BzZr7Nf8liX3+AJfYnkDV5gdSyUo81WCFUAAFHiYXDKPD0IikpbV\n9doQF/9eh7O0tWj67lv4T52VKLLv7qF4XTMh/ZuqnnGCm4OKeHtDaDqCSQsCAwEA\nAQKCAgAr0/a6819/3oo2pumHHXKsebortZJ0miojR/z/K+65LzgMUxgojCEIv5U7\nBwEp0TOpL++pElZgalqln2xAUAv+AnajE7+jep1BUSFbY3tuihD/0L5g7bBTYuLS\n5Q5keSL3yib8+L2OZ72+4vWPAL20F/vbeIPsEs9MUP0/nVUpcbPXfa2X2gDoIzwa\nAuysMTtFmLpMlveFSo3xeLlnghRkA5fcjleek3SaKppd8PvFP1psXWlYLtRpMxTP\nx/+8KfOMZH+LzY4nejw75SjesdaPfKgyND/KTvquIS744O+ek4qTd4DMkbJ5aRhL\n2jj4FUI8mBck3/qOYOhjMuEiSjzYoTlcV/pIRPA0kBlfM4jB+NraSzQZWaAhzd3F\n5kRYlEQmItFsrAbHAohAOnGlOx2A7XORtmbF0gl1oKi6z/waWcZbmFKbgkAR9YyZ\nytJ7zomMLWuQeDqxfWthR6i64+/lAUcBUBvopjTd0GIPK5+3IccBlcAjkNQMScLR\nHHOKYU3NRAXwaO7gmpo1692BYph+nC/Qmi+0U9IqtUqH/Hrlau3UOROSLATPe95b\nOWY5DEm7QEKf+zqtO/1v7skMqZUDBWI9zQ76jfJwzG4L+2fF0nZobfNP209UYCwL\nVEJJSQjje77DmYMvkHNHuODQY6Ps/METJq1YyZIxTGeJapK6QQKCAQEA3Udq5+ob\n++FDyWK0hiwENQk9TBlqc358JeZJ6NRE/uvgt6BSkX/0cvse5QJsWis1R+wdRwgi\nPlDZq6Et4SNP80S6GvGl8zcbH5K0C3h27M4BBtTVtPGKNa/xn5y3FORoCqLlwvLe\nFVRvvbggrH8V66Z5B9ARgIH22x9qbA/EJUX2Kg/qslZaSDmlRdEPGYU0+9S47Hu1\n5apWASA89q7bbagsfDPylGLfhWzK8f+EF69XBYmwbLHJSpiLJP5rAp65wj6TKowA\nT7XmFolIXz6TGyJO/CU/wnkGnSLrzg6cCGEY1mE2xlNNxuCmiN2wuItWim7s2WSB\n5XTqBAgrhHVGcQKCAQEA92929omPdOfOtSK0WZ/IPG0pEl2uciW8lK61vrssLeVF\nRMspqsBSiZG8+/e4TzbANiXor1gNk6/q+nYG8PBL9Twd7zcNl+TTCjQU6hCyOeGf\n5pBIUq4s+4AEGctoZOHfAlw82iUbMdQQQ6QVrz3OcsoiKlyGPk9F3K3MqcMQFZVn\nBjtagir0dw2CFt6WwWG9kgOuyHUpzclteOT7GBV+s5mun2pxOT7tr8BSX/ohx+BQ\n20u9ZEi6WhgfQ2DtS9iHMykkhIlv2IURZHuRwhZStR8WzVyJvhdl4AhhXx4yecJZ\nfmFRLqjh+16JjSNI2mzbb6oGdkreDQsYFKC5wSRdOwKCAQEAyrgK8LxBNtiAyZZr\n3B+nGw+D4JvIMlbGVdJME8mkDAb8sD1oZ3PZ9xyoiRVXPqQnA+UETXbeKEjZoarf\n5Un8jNmBxf1sEw2BA8Pavkd2bCuuNRv3TPWbsOOncJqZ/8Hgrx3dcGQfoVrho+Vz\nyZQD+QdiCg5MenaWONjnHmizQZJ+mrpKQWdq/pARIY0NUEwA5lVTtRMA6Y7Li+yE\n7Vn0HNndJ0xQCDEspYetxVZZJXm1N5WU039s8bIeh52tW5EejR3WpTvtbRkv2aWb\nb+Zbzpf31HgrmXZW4M6FSRmJSQPrRTt6eucGchSNfQXcSLUea2SECAVUG2qomVkC\nxS7LgQKCAQBRZHMnifyMoiwW3YGh8bN2XRojlnlpxwwPhKD4Sq2vszlj9ciRCI6d\n/jjCUaxpMkNsDHBMLZTZvgZ3uRdzbjguRUY7iEqKapUZSCSREkjuTU/CEjgYKn9V\ng7jVm1mNxdcL+bdysr4NWAq5lWIksRoWHHO8p47pND5w5yLpvOavkuO+4wtUwjiE\naQcf6ryAhFxNibSW8CN+NAI0wG3wcDGrdqRAgE0aXZ7mL0dpluhBzYILgRCdymay\neDjgeyPTzTg8Fg6TInqOKMed3CAITjuKpN1lVEljJGM4nMka9t33u3yg2/ZOePNN\nMr3glXjDkQdl5fIWO25rr/iN4Ij6BbI9AoIBAENZFZ4+5RZBdw+kYzdPAxoqwiYl\nh/zQGIb+71lt2TB5wSUcSgXWyS85/9nWM/VOWeolu+NbSO7lrZfVj0fMgrdNvIw9\nvaqABlyCZgb7WsF5P0l0XApcwGLFImIb5oIxPPYgEkYI8bdtrqStK0DpD1wOUX7Q\nSDBsqooNWTEeHkuSsZcHN3y2vMzOc/UoIMGsfZ9OLQOTfwnrP99hhRzbBv1TnM4m\n4wNbByTBzVCIGK32KCrkkAC0OdGa8AxPiXfRAcMtC2uY9NfZBbBUfou3v2n3FaCu\nBl95mnc89lgfKTlyFRarxREU8N4N3mLL9ySRz9iuq/zV4DLCVBMiNaewFDc=\n-----END RSA PRIVATE KEY-----\n",
            "private_key_pem_pkcs8": "-----BEGIN PRIVATE KEY-----\nMIIJQgIBADANBgkqhkiG9w0BAQEFAASCCSwwggkoAgEAAoICAQDV4EDxIj5bE/p0\n6I6yeaX9HDlJ/jYZyItUyg92ULSmox3EDahPEua9o3k+pD14jcWQXczbekB7OrsI\nsYoKYBPJh7G5Njm0VFfpZmmwQuwtFzVe7EFztNga5nYQixl1JRVnre9JAGQsK/9d\nJj8YBgl4dvHYgtQhhkwngGRaU23jFKY93Y6SxKfv6h8h8xbRt1OBqIrfDBZYaPpR\n8LqoWBBH0xaIrVAxAmLY6HznPtJ8HR7Cp+3Oq99d44WZ/ybtY8OUpRL0AxZSbj96\ncQNQYMgZEgbDqKihnuFBYR8vsN1pn9/OBX6vpRhYDqwIIVXvub6J+b4kDFdZFas3\nExs0VOxGkbFiXvp6veslLjtItxRM387Uld3GUOlULYRCB0saQ9HEGmBrc1RGGLWg\npeIUvZBk8iqPF6q5ASXuqcuioVV+NSUuyKqflT3wyVWfIGRYZ913gWLKJ2csRZmd\nG07vCIY1sFF+UniOJyAJdvgXW5otBdfe9MB2EANkGJSUgyLniVtbFqjpAC+Zkurn\nlSykELE3V5C/beJliz3ApSlsMSIYl5QcR0Qs0jnAt1PBK7oHNmvs1/yWJff4Al9i\neQNXmB1LJSjzVYIVQAAUeJhcMo8PQiKSltX12hAX/16Hs7S1aPruW/hPnZUosu/u\noXhdMyH9m6qecYKbg4p4e0NoOoJJCwIDAQABAoICACvT9rrzX3/eijam6Ycdcqx5\nuiu1knSaKiNH/P8r7rkvOAxTGCiMIQi/lTsHASnRM6kv76kSVmBqWqWfbEBQC/4C\ndqMTv6N6nUFRIVtje26KEP/QvmDtsFNi4tLlDmR5IvfKJvz4vY5nvb7i9Y8AvbQX\n+9t4g+wSz0xQ/T+dVSlxs9d9rZfaAOgjPBoC7KwxO0WYukyW94VKjfF4uWeCFGQD\nl9yOV56TdJoqml3w+8U/WmxdaVgu1GkzFM/H/7wp84xkf4vNjid6PDvlKN6x1o98\nqDI0P8pO+q4hLvjg756TipN3gMyRsnlpGEvaOPgVQjyYFyTf+o5g6GMy4SJKPNih\nOVxX+khE8DSQGV8ziMH42tpLNBlZoCHN3cXmRFiURCYi0WysBscCiEA6caU7HYDt\nc5G2ZsXSCXWgqLrP/BpZxluYUpuCQBH1jJnK0nvOiYwta5B4OrF9a2FHqLrj7+UB\nRwFQG+imNN3QYg8rn7chxwGVwCOQ1AxJwtEcc4phTc1EBfBo7uCamjXr3YFimH6c\nL9CaL7RT0iq1Sof8euVq7dQ5E5IsBM973ls5ZjkMSbtAQp/7Oq07/W/uyQyplQMF\nYj3NDvqN8nDMbgv7Z8XSdmht80/bT1RgLAtUQklJCON7vsOZgy+Qc0e44NBjo+z8\nwRMmrVjJkjFMZ4lqkrpBAoIBAQDdR2rn6hv74UPJYrSGLAQ1CT1MGWpzfnwl5kno\n1ET+6+C3oFKRf/Ry+x7lAmxaKzVH7B1HCCI+UNmroS3hI0/zRLoa8aXzNxsfkrQL\neHbszgEG1NW08Yo1r/GfnLcU5GgKouXC8t4VVG+9uCCsfxXrpnkH0BGAgfbbH2ps\nD8QlRfYqD+qyVlpIOaVF0Q8ZhTT71Ljse7XlqlYBIDz2rtttqCx8M/KUYt+FbMrx\n/4QXr1cFibBssclKmIsk/msCnrnCPpMqjABPteYWiUhfPpMbIk78JT/CeQadIuvO\nDpwIYRjWYTbGU03G4KaI3bC4i1aKbuzZZIHldOoECCuEdUZxAoIBAQD3b3b2iY90\n5861IrRZn8g8bSkSXa5yJbyUrrW+uywt5UVEyymqwFKJkbz797hPNsA2JeivWA2T\nr+r6dgbw8Ev1PB3vNw2X5NMKNBTqELI54Z/mkEhSriz7gAQZy2hk4d8CXDzaJRsx\n1BBDpBWvPc5yyiIqXIY+T0XcrcypwxAVlWcGO1qCKvR3DYIW3pbBYb2SA67IdSnN\nyW145PsYFX6zma6fanE5Pu2vwFJf+iHH4FDbS71kSLpaGB9DYO1L2IczKSSEiW/Y\nhRFke5HCFlK1HxbNXIm+F2XgCGFfHjJ5wll+YVEuqOH7XomNI0jabNtvqgZ2St4N\nCxgUoLnBJF07AoIBAQDKuArwvEE22IDJlmvcH6cbD4Pgm8gyVsZV0kwTyaQMBvyw\nPWhnc9n3HKiJFVc+pCcD5QRNdt4oSNmhqt/lSfyM2YHF/WwTDYEDw9q+R3ZsK641\nG/dM9Zuw46dwmpn/weCvHd1wZB+hWuGj5XPJlAP5B2IKDkx6dpY42OceaLNBkn6a\nukpBZ2r+kBEhjQ1QTADmVVO1EwDpjsuL7ITtWfQc2d0nTFAIMSylh63FVlklebU3\nlZTTf2zxsh6Hna1bkR6NHdalO+1tGS/ZpZtv5lvOl/fUeCuZdlbgzoVJGYlJA+tF\nO3p65wZyFI19BdxItR5rZIQIBVQbaqiZWQLFLsuBAoIBAFFkcyeJ/IyiLBbdgaHx\ns3ZdGiOWeWnHDA+EoPhKra+zOWP1yJEIjp3+OMJRrGkyQ2wMcEwtlNm+Bne5F3Nu\nOC5FRjuISopqlRlIJJESSO5NT8ISOBgqf1WDuNWbWY3F1wv5t3Kyvg1YCrmVYiSx\nGhYcc7ynjuk0PnDnIum85q+S477jC1TCOIRpBx/qvICEXE2JtJbwI340AjTAbfBw\nMat2pECATRpdnuYvR2mW6EHNgguBEJ3KZrJ4OOB7I9PNODwWDpMieo4ox53cIAhO\nO4qk3WVUSWMkYzicyRr23fe7fKDb9k54800yveCVeMORB2Xl8hY7bmuv+I3giPoF\nsj0CggEAQ1kVnj7lFkF3D6RjN08DGirCJiWH/NAYhv7vWW3ZMHnBJRxKBdbJLzn/\n2dYz9U5Z6iW741tI7uWtl9WPR8yCt028jD29qoAGXIJmBvtawXk/SXRcClzAYsUi\nYhvmgjE89iASRgjxt22upK0rQOkPXA5RftBIMGyqig1ZMR4eS5Kxlwc3fLa8zM5z\n9Sggwax9n04tA5N/Ces/32GFHNsG/VOczibjA1sHJMHNUIgYrfYoKuSQALQ50Zrw\nDE+Jd9EBwy0La5j019kFsFR+i7e/afcVoK4GX3madzz2WB8pOXIVFqvFERTw3g3e\nYsv3JJHP2K6r/NXgMsJUEyI1p7AUNw==\n-----END PRIVATE KEY-----\n",
            "public_key_fingerprint_md5": "0c:36:ad:42:a2:52:e7:b2:d1:64:8f:bf:77:ba:50:25",
            "public_key_fingerprint_sha256": "SHA256:Um2PLxwhhltKwTZlnjPb8MGaWfe6qkMwIOBOjJQ8xcM",
            "public_key_openssh": "ssh-rsa AAAAB3NzaC1yc2EAAAADAQABAAACAQDV4EDxIj5bE/p06I6yeaX9HDlJ/jYZyItUyg92ULSmox3EDahPEua9o3k+pD14jcWQXczbekB7OrsIsYoKYBPJh7G5Njm0VFfpZmmwQuwtFzVe7EFztNga5nYQixl1JRVnre9JAGQsK/9dJj8YBgl4dvHYgtQhhkwngGRaU23jFKY93Y6SxKfv6h8h8xbRt1OBqIrfDBZYaPpR8LqoWBBH0xaIrVAxAmLY6HznPtJ8HR7Cp+3Oq99d44WZ/ybtY8OUpRL0AxZSbj96cQNQYMgZEgbDqKihnuFBYR8vsN1pn9/OBX6vpRhYDqwIIVXvub6J+b4kDFdZFas3Exs0VOxGkbFiXvp6veslLjtItxRM387Uld3GUOlULYRCB0saQ9HEGmBrc1RGGLWgpeIUvZBk8iqPF6q5ASXuqcuioVV+NSUuyKqflT3wyVWfIGRYZ913gWLKJ2csRZmdG07vCIY1sFF+UniOJyAJdvgXW5otBdfe9MB2EANkGJSUgyLniVtbFqjpAC+ZkurnlSykELE3V5C/beJliz3ApSlsMSIYl5QcR0Qs0jnAt1PBK7oHNmvs1/yWJff4Al9ieQNXmB1LJSjzVYIVQAAUeJhcMo8PQiKSltX12hAX/16Hs7S1aPruW/hPnZUosu/uoXhdMyH9m6qecYKbg4p4e0NoOoJJCw==\n",
            "public_key_pem": "-----BEGIN PUBLIC KEY-----\nMIICIjANBgkqhkiG9w0BAQEFAAOCAg8AMIICCgKCAgEA1eBA8SI+WxP6dOiOsnml\n/Rw5Sf42GciLVMoPdlC0pqMdxA2oTxLmvaN5PqQ9eI3FkF3M23pAezq7CLGKCmAT\nyYexuTY5tFRX6WZpsELsLRc1XuxBc7TYGuZ2EIsZdSUVZ63vSQBkLCv/XSY/GAYJ\neHbx2ILUIYZMJ4BkWlNt4xSmPd2OksSn7+ofIfMW0bdTgaiK3wwWWGj6UfC6qFgQ\nR9MWiK1QMQJi2Oh85z7SfB0ewqftzqvfXeOFmf8m7WPDlKUS9AMWUm4/enEDUGDI\nGRIGw6iooZ7hQWEfL7DdaZ/fzgV+r6UYWA6sCCFV77m+ifm+JAxXWRWrNxMbNFTs\nRpGxYl76er3rJS47SLcUTN/O1JXdxlDpVC2EQgdLGkPRxBpga3NURhi1oKXiFL2Q\nZPIqjxequQEl7qnLoqFVfjUlLsiqn5U98MlVnyBkWGfdd4FiyidnLEWZnRtO7wiG\nNbBRflJ4jicgCXb4F1uaLQXX3vTAdhADZBiUlIMi54lbWxao6QAvmZLq55UspBCx\nN1eQv23iZYs9wKUpbDEiGJeUHEdELNI5wLdTwSu6BzZr7Nf8liX3+AJfYnkDV5gd\nSyUo81WCFUAAFHiYXDKPD0IikpbV9doQF/9eh7O0tWj67lv4T52VKLLv7qF4XTMh\n/ZuqnnGCm4OKeHtDaDqCSQsCAwEAAQ==\n-----END PUBLIC KEY-----\n",
            "rsa_bits": 4096
          },
          "sensitive_attributes": [
            [
              {
                "type": "get_attr",
                "value": "private_key_pem_pkcs8"
              }
            ],
            [
              {
                "type": "get_attr",
                "value": "private_key_pem"
              }
            ],
            [
              {
                "type": "get_attr",
                "value": "private_key_openssh"
              }
            ]
          ]
        }
      ]
    }
  ],
  "check_results": null
}
